
Microsoft Visual Studio Solution File, Format Version 12.00
# Visual Studio Version 17
VisualStudioVersion = 17.1.32210.238
MinimumVisualStudioVersion = 10.0.40219.1
Project("{FAE04EC0-301F-11D3-BF4B-00C04F79EFBC}") = "CP", "CP\CP.csproj", "{5FA76449-3B88-4D9D-94A2-F8F067D40102}"
EndProject
Project("{FAE04EC0-301F-11D3-BF4B-00C04F79EFBC}") = "Server", "Server\Server.csproj", "{7A1E039B-4333-471E-BD2E-9E6EB0B28B8E}"
EndProject
Global
	GlobalSection(SolutionConfigurationPlatforms) = preSolution
		Debug|Any CPU = Debug|Any CPU
		Release|Any CPU = Release|Any CPU
	EndGlobalSection
	GlobalSection(ProjectConfigurationPlatforms) = postSolution
		{5FA76449-3B88-4D9D-94A2-F8F067D40102}.Debug|Any CPU.ActiveCfg = Debug|Any CPU
		{5FA76449-3B88-4D9D-94A2-F8F067D40102}.Debug|Any CPU.Build.0 = Debug|Any CPU
		{5FA76449-3B88-4D9D-94A2-F8F067D40102}.Release|Any CPU.ActiveCfg = Release|Any CPU
		{5FA76449-3B88-4D9D-94A2-F8F067D40102}.Release|Any CPU.Build.0 = Release|Any CPU
		{7A1E039B-4333-471E-BD2E-9E6EB0B28B8E}.Debug|Any CPU.ActiveCfg = Debug|Any CPU
		{7A1E039B-4333-471E-BD2E-9E6EB0B28B8E}.Debug|Any CPU.Build.0 = Debug|Any CPU
		{7A1E039B-4333-471E-BD2E-9E6EB0B28B8E}.Release|Any CPU.ActiveCfg = Release|Any CPU
		{7A1E039B-4333-471E-BD2E-9E6EB0B28B8E}.Release|Any CPU.Build.0 = Release|Any CPU
	EndGlobalSection
	GlobalSection(SolutionProperties) = preSolution
		HideSolutionNode = FALSE
	EndGlobalSection
	GlobalSection(ExtensibilityGlobals) = postSolution
		SolutionGuid = {70F98BA7-9D75-4B87-BB65-BCF65C92A849}
	EndGlobalSection
EndGlobal
